# generated by rye
# use `rye lock` or `rye sync` to update this lockfile
#
# last locked with the following flags:
#   pre: false
#   features: []
#   all-features: false
#   with-sources: false
#   generate-hashes: false
#   universal: false

-e file:.
adjusttext==1.3.0
    # via decoupler
    # via sc-toolbox
anndata==0.11.4
    # via anndata2ri
    # via decoupler
    # via doubletdetection
    # via liana
    # via mudata
    # via pydeseq2
    # via scanpy
    # via scvi
anndata2ri==1.3.2
    # via snrnaseq-analysis
annoy==1.17.0
    # via pacmap
array-api-compat==1.12.0
    # via anndata
arrow==1.3.0
    # via cookiecutter
asttokens==3.0.0
    # via stack-data
binaryornot==0.4.4
    # via cookiecutter
biopython==1.85
    # via pycirclize
certifi==2025.4.26
    # via requests
cffi==1.17.1
    # via rpy2-rinterface
cfgv==3.4.0
    # via pre-commit
chardet==5.2.0
    # via binaryornot
charset-normalizer==3.4.2
    # via requests
click==8.2.1
    # via cookiecutter
    # via pypi-latest
colorspacious==1.1.2
    # via glasbey
comm==0.2.2
    # via ipywidgets
contourpy==1.3.2
    # via matplotlib
cookiecutter==2.6.0
    # via sc-toolbox
cycler==0.12.1
    # via matplotlib
dcor==0.6
    # via decoupler
decorator==5.2.1
    # via ipython
decoupler==2.0.6
    # via snrnaseq-analysis
distlib==0.3.9
    # via virtualenv
dnspython==2.7.0
    # via pymongo
docrep==0.3.2
    # via decoupler
    # via liana
doubletdetection==4.3.0.post1
    # via snrnaseq-analysis
et-xmlfile==2.0.0
    # via openpyxl
executing==2.2.0
    # via stack-data
filelock==3.18.0
    # via torch
    # via virtualenv
fonttools==4.58.2
    # via matplotlib
formulaic==1.1.1
    # via formulaic-contrasts
    # via pydeseq2
formulaic-contrasts==1.0.0
    # via pydeseq2
fsspec==2025.5.1
    # via torch
future==1.0.0
    # via hyperopt
glasbey==0.3.0
    # via snrnaseq-analysis
gprofiler-official==1.0.0
    # via snrnaseq-analysis
h5py==3.14.0
    # via anndata
    # via scanpy
    # via scvi
harmonypy==0.0.10
    # via snrnaseq-analysis
hyperopt==0.1.2
    # via scvi
identify==2.6.12
    # via pre-commit
idna==3.10
    # via requests
igraph==0.11.8
    # via decoupler
    # via leidenalg
    # via louvain
    # via scanpy
imageio==2.37.0
    # via scikit-image
interface-meta==1.3.0
    # via formulaic
ipython==9.3.0
    # via ipywidgets
ipython-pygments-lexers==1.1.1
    # via ipython
ipywidgets==8.1.7
    # via decoupler
jedi==0.19.2
    # via ipython
jinja2==3.1.6
    # via cookiecutter
    # via rpy2-robjects
    # via sc-toolbox
    # via torch
joblib==1.5.0
    # via dcor
    # via pynndescent
    # via scanpy
    # via scikit-learn
jupyterlab-widgets==3.0.15
    # via ipywidgets
kiwisolver==1.4.8
    # via matplotlib
lazy-loader==0.4
    # via scikit-image
legacy-api-wrap==1.4.1
    # via scanpy
legendkit==0.3.6
    # via marsilea
leidenalg==0.10.2
    # via phenograph
    # via scanpy
liana==1.5.1
    # via snrnaseq-analysis
llvmlite==0.44.0
    # via numba
    # via pynndescent
louvain==0.8.2
    # via snrnaseq-analysis
markdown-it-py==3.0.0
    # via rich
markupsafe==3.0.2
    # via jinja2
marsilea==0.5.3
    # via decoupler
matplotlib==3.10.3
    # via adjusttext
    # via doubletdetection
    # via glasbey
    # via legendkit
    # via marsilea
    # via plotnine
    # via pycirclize
    # via pydeseq2
    # via sc-toolbox
    # via scanpy
    # via scvi
    # via seaborn
matplotlib-inline==0.1.7
    # via ipython
mdurl==0.1.2
    # via markdown-it-py
mizani==0.13.5
    # via plotnine
mpmath==1.3.0
    # via sympy
mudata==0.3.2
    # via liana
natsort==8.4.0
    # via anndata
    # via scanpy
networkx==3.5
    # via hyperopt
    # via scanpy
    # via scikit-image
    # via torch
nodeenv==1.9.1
    # via pre-commit
numba==0.61.2
    # via dcor
    # via decoupler
    # via glasbey
    # via liana
    # via pacmap
    # via pynndescent
    # via scanpy
    # via umap-learn
numpy==2.2.4
    # via adjusttext
    # via anndata
    # via biopython
    # via colorspacious
    # via contourpy
    # via dcor
    # via doubletdetection
    # via formulaic
    # via glasbey
    # via h5py
    # via harmonypy
    # via hyperopt
    # via imageio
    # via marsilea
    # via matplotlib
    # via mizani
    # via numba
    # via pacmap
    # via pandas
    # via patsy
    # via phenograph
    # via plotnine
    # via pycirclize
    # via pydeseq2
    # via pyscipopt
    # via scanpy
    # via scikit-image
    # via scikit-learn
    # via scikit-misc
    # via scipy
    # via scvi
    # via seaborn
    # via statsmodels
    # via tifffile
    # via umap-learn
    # via xgboost
nvidia-cublas-cu12==12.6.4.1
    # via nvidia-cudnn-cu12
    # via nvidia-cusolver-cu12
    # via torch
nvidia-cuda-cupti-cu12==12.6.80
    # via torch
nvidia-cuda-nvrtc-cu12==12.6.77
    # via torch
nvidia-cuda-runtime-cu12==12.6.77
    # via torch
nvidia-cudnn-cu12==9.5.1.17
    # via torch
nvidia-cufft-cu12==11.3.0.4
    # via torch
nvidia-cufile-cu12==1.11.1.6
    # via torch
nvidia-curand-cu12==10.3.7.77
    # via torch
nvidia-cusolver-cu12==11.7.1.2
    # via torch
nvidia-cusparse-cu12==12.5.4.2
    # via nvidia-cusolver-cu12
    # via torch
nvidia-cusparselt-cu12==0.6.3
    # via torch
nvidia-nccl-cu12==2.26.2
    # via torch
    # via xgboost
nvidia-nvjitlink-cu12==12.6.85
    # via nvidia-cufft-cu12
    # via nvidia-cusolver-cu12
    # via nvidia-cusparse-cu12
    # via torch
nvidia-nvtx-cu12==12.6.77
    # via torch
openpyxl==3.1.5
    # via snrnaseq-analysis
packaging==25.0
    # via anndata
    # via lazy-loader
    # via matplotlib
    # via scanpy
    # via scikit-image
    # via statsmodels
pacmap==0.8.0
    # via snrnaseq-analysis
pandas==2.3.0
    # via anndata
    # via formulaic
    # via formulaic-contrasts
    # via harmonypy
    # via marsilea
    # via mizani
    # via plotnine
    # via pycirclize
    # via pydeseq2
    # via sc-toolbox
    # via scanpy
    # via scvi
    # via seaborn
    # via statsmodels
parso==0.8.4
    # via jedi
patsy==1.0.1
    # via scanpy
    # via statsmodels
pexpect==4.9.0
    # via ipython
phenograph==1.5.7
    # via doubletdetection
pillow==11.2.1
    # via imageio
    # via matplotlib
    # via scikit-image
platformdirs==4.3.8
    # via marsilea
    # via virtualenv
plotnine==0.14.5
    # via liana
pre-commit==4.2.0
    # via liana
prompt-toolkit==3.0.51
    # via ipython
    # via questionary
psutil==7.0.0
    # via phenograph
ptyprocess==0.7.0
    # via pexpect
pure-eval==0.2.3
    # via stack-data
pyarrow==20.0.0
    # via pandas
pycirclize==1.9.1
    # via snrnaseq-analysis
pycparser==2.22
    # via cffi
pydeseq2==0.5.1
    # via snrnaseq-analysis
pygments==2.19.1
    # via ipython
    # via ipython-pygments-lexers
    # via rich
pymongo==4.13.0
    # via hyperopt
pynndescent==0.5.13
    # via scanpy
    # via umap-learn
pyparsing==3.2.3
    # via matplotlib
pypi-latest==0.1.2
    # via sc-toolbox
pyscipopt==5.5.0
    # via liana
python-dateutil==2.9.0.post0
    # via arrow
    # via matplotlib
    # via pandas
python-slugify==8.0.4
    # via cookiecutter
pytz==2025.2
    # via pandas
pyyaml==6.0.2
    # via cookiecutter
    # via pre-commit
    # via pypi-latest
    # via sc-toolbox
questionary==2.1.0
    # via pypi-latest
    # via sc-toolbox
requests==2.32.4
    # via cookiecutter
    # via decoupler
    # via gprofiler-official
rich==14.0.0
    # via cookiecutter
    # via pypi-latest
    # via sc-toolbox
rpy2==3.6.1
    # via anndata2ri
    # via snrnaseq-analysis
rpy2-rinterface==3.6.1
    # via rpy2
    # via rpy2-robjects
rpy2-robjects==3.6.1
    # via rpy2
sc-toolbox==0.12.3
    # via snrnaseq-analysis
scanpy==1.11.2
    # via doubletdetection
    # via liana
    # via sc-toolbox
    # via scvi
    # via snrnaseq-analysis
scikit-image==0.25.2
    # via snrnaseq-analysis
scikit-learn==1.6.1
    # via glasbey
    # via harmonypy
    # via pacmap
    # via phenograph
    # via pydeseq2
    # via pynndescent
    # via sc-toolbox
    # via scanpy
    # via scvi
    # via umap-learn
scikit-misc==0.5.1
    # via scvi
scipy==1.15.3
    # via adjusttext
    # via anndata
    # via dcor
    # via doubletdetection
    # via formulaic
    # via harmonypy
    # via hyperopt
    # via marsilea
    # via mizani
    # via phenograph
    # via plotnine
    # via pydeseq2
    # via pynndescent
    # via sc-toolbox
    # via scanpy
    # via scikit-image
    # via scikit-learn
    # via statsmodels
    # via umap-learn
    # via xgboost
scvi==0.6.8
    # via snrnaseq-analysis
seaborn==0.13.2
    # via marsilea
    # via sc-toolbox
    # via scanpy
    # via snrnaseq-analysis
session-info==1.0.1
    # via formulaic-contrasts
session-info2==0.1.2
    # via decoupler
    # via scanpy
setuptools==80.9.0
    # via phenograph
    # via torch
    # via triton
six==1.17.0
    # via docrep
    # via hyperopt
    # via python-dateutil
stack-data==0.6.3
    # via ipython
statsmodels==0.14.4
    # via plotnine
    # via scanpy
stdlib-list==0.11.1
    # via session-info
sympy==1.14.0
    # via torch
text-unidecode==1.3
    # via python-slugify
texttable==1.7.0
    # via igraph
threadpoolctl==3.6.0
    # via scikit-learn
tifffile==2025.6.11
    # via scikit-image
torch==2.7.1
    # via scvi
tqdm==4.67.1
    # via decoupler
    # via doubletdetection
    # via hyperopt
    # via liana
    # via scanpy
    # via scvi
    # via umap-learn
traitlets==5.14.3
    # via comm
    # via ipython
    # via ipywidgets
    # via matplotlib-inline
triton==3.3.1
    # via torch
types-python-dateutil==2.9.0.20250516
    # via arrow
typing-extensions==4.14.0
    # via formulaic
    # via sc-toolbox
    # via scanpy
    # via torch
tzdata==2025.2
    # via pandas
tzlocal==5.3.1
    # via anndata2ri
    # via rpy2-robjects
umap-learn==0.5.7
    # via scanpy
urllib3==2.4.0
    # via requests
virtualenv==20.31.2
    # via pre-commit
wcwidth==0.2.13
    # via prompt-toolkit
widgetsnbextension==4.0.14
    # via ipywidgets
wrapt==1.17.2
    # via formulaic
xgboost==3.0.2
    # via decoupler
xlrd==2.0.1
    # via scvi
